
Microsoft Visual Studio Solution File, Format Version 12.00
# Visual Studio Version 16
VisualStudioVersion = 16.0.29519.87
MinimumVisualStudioVersion = 10.0.40219.1
Project("{9A19103F-16F7-4668-BE54-9A1E7A4F7556}") = "Festive Phonebook", "Festive Phonebook\Festive Phonebook.csproj", "{65CC1E09-7CC6-4E8F-9D77-F8F6ECE402C2}"
EndProject
Project("{2150E333-8FDC-42A3-9474-1A3956D46DE8}") = "Solution Items", "Solution Items", "{437641A9-7E61-4F0F-BD99-4AE2A43A209B}"
EndProject
Global
	GlobalSection(SolutionConfigurationPlatforms) = preSolution
		Debug|Any CPU = Debug|Any CPU
		Release|Any CPU = Release|Any CPU
	EndGlobalSection
	GlobalSection(ProjectConfigurationPlatforms) = postSolution
		{65CC1E09-7CC6-4E8F-9D77-F8F6ECE402C2}.Debug|Any CPU.ActiveCfg = Debug|Any CPU
		{65CC1E09-7CC6-4E8F-9D77-F8F6ECE402C2}.Debug|Any CPU.Build.0 = Debug|Any CPU
		{65CC1E09-7CC6-4E8F-9D77-F8F6ECE402C2}.Release|Any CPU.ActiveCfg = Release|Any CPU
		{65CC1E09-7CC6-4E8F-9D77-F8F6ECE402C2}.Release|Any CPU.Build.0 = Release|Any CPU
	EndGlobalSection
	GlobalSection(SolutionProperties) = preSolution
		HideSolutionNode = FALSE
	EndGlobalSection
	GlobalSection(ExtensibilityGlobals) = postSolution
		SolutionGuid = {0D46D2EE-6A67-4CD6-970A-50E34DB91C6C}
	EndGlobalSection
EndGlobal
